
Microsoft Visual Studio Solution File, Format Version 12.00
# Visual Studio Version 16
VisualStudioVersion = 16.0.30309.148
MinimumVisualStudioVersion = 10.0.40219.1
Project("{FAE04EC0-301F-11D3-BF4B-00C04F79EFBC}") = "GTWPF", "GTWPF\GTWPF.csproj", "{8F4A08DE-52BA-4119-A3C8-197B6DCC68C8}"
EndProject
Global
	GlobalSection(SolutionConfigurationPlatforms) = preSolution
		Debug|Any CPU = Debug|Any CPU
		Release|Any CPU = Release|Any CPU
	EndGlobalSection
	GlobalSection(ProjectConfigurationPlatforms) = postSolution
		{8F4A08DE-52BA-4119-A3C8-197B6DCC68C8}.Debug|Any CPU.ActiveCfg = Debug|Any CPU
		{8F4A08DE-52BA-4119-A3C8-197B6DCC68C8}.Debug|Any CPU.Build.0 = Debug|Any CPU
		{8F4A08DE-52BA-4119-A3C8-197B6DCC68C8}.Release|Any CPU.ActiveCfg = Release|Any CPU
		{8F4A08DE-52BA-4119-A3C8-197B6DCC68C8}.Release|Any CPU.Build.0 = Release|Any CPU
	EndGlobalSection
	GlobalSection(SolutionProperties) = preSolution
		HideSolutionNode = FALSE
	EndGlobalSection
	GlobalSection(ExtensibilityGlobals) = postSolution
		SolutionGuid = {330AA8AD-1DC7-487B-845D-D3338A066FA9}
	EndGlobalSection
EndGlobal
