
Microsoft Visual Studio Solution File, Format Version 12.00
# Visual Studio Version 16
VisualStudioVersion = 16.0.29509.3
MinimumVisualStudioVersion = 10.0.40219.1
Project("{9A19103F-16F7-4668-BE54-9A1E7A4F7556}") = "GI", "GI\GI.csproj", "{5BA518F4-88C1-4EC7-8676-FF39AC60BF16}"
EndProject
Project("{FAE04EC0-301F-11D3-BF4B-00C04F79EFBC}") = "GTWPF", "GTWPF\GTWPF.csproj", "{5708DE84-A80D-4ADB-959E-C6DF44F1E6C0}"
	ProjectSection(ProjectDependencies) = postProject
		{5BA518F4-88C1-4EC7-8676-FF39AC60BF16} = {5BA518F4-88C1-4EC7-8676-FF39AC60BF16}
	EndProjectSection
EndProject
Project("{FAE04EC0-301F-11D3-BF4B-00C04F79EFBC}") = "GTXAM.Android", "GTXAM\GTXAM.Android\GTXAM.Android.csproj", "{B573E80A-7E65-4E70-B97F-E9DBCBB5986C}"
EndProject
Project("{FAE04EC0-301F-11D3-BF4B-00C04F79EFBC}") = "GTXAM.iOS", "GTXAM\GTXAM.iOS\GTXAM.iOS.csproj", "{9C560EFC-E590-4FC6-A545-BD1A6CA3778E}"
EndProject
Project("{FAE04EC0-301F-11D3-BF4B-00C04F79EFBC}") = "GTXAM.UWP", "GTXAM\GTXAM.UWP\GTXAM.UWP.csproj", "{82F79B02-D412-4701-95F4-70321597241F}"
EndProject
Project("{9A19103F-16F7-4668-BE54-9A1E7A4F7556}") = "GTXAM", "GTXAM\GTXAM\GTXAM.csproj", "{5F22BDF1-3A19-421A-B2B3-E70D958DCD1D}"
	ProjectSection(ProjectDependencies) = postProject
		{5BA518F4-88C1-4EC7-8676-FF39AC60BF16} = {5BA518F4-88C1-4EC7-8676-FF39AC60BF16}
	EndProjectSection
EndProject
Project("{FAE04EC0-301F-11D3-BF4B-00C04F79EFBC}") = "Interaction", "GITest\Interaction.csproj", "{C768509C-DE73-4260-BC07-070B4021D04A}"
EndProject
Project("{FAE04EC0-301F-11D3-BF4B-00C04F79EFBC}") = "gasc", "..\..\gastool\gasc\gasc.csproj", "{FE0D75D3-CE00-45D6-8738-3D0ADCC1EBCA}"
EndProject
Project("{FAE04EC0-301F-11D3-BF4B-00C04F79EFBC}") = "GTXAM.WPF", "GTXAM.WPF\GTXAM.WPF.csproj", "{BD7060B0-CB59-40E7-8B82-EDCE4FC83F40}"
EndProject
Project("{FAE04EC0-301F-11D3-BF4B-00C04F79EFBC}") = "GTXAM.GTK", "GTXAM.GTK\GTXAM.GTK.csproj", "{9ECD053C-A1FA-4293-B298-844753C6E02D}"
EndProject
Project("{FAE04EC0-301F-11D3-BF4B-00C04F79EFBC}") = "GTXAM.GTKCore", "GTXAM.GTKCore\GTXAM.GTKCore.csproj", "{B69B2F0E-4479-416B-971C-2CF44A592BA4}"
EndProject
Global
	GlobalSection(SolutionConfigurationPlatforms) = preSolution
		Ad-Hoc|Any CPU = Ad-Hoc|Any CPU
		Ad-Hoc|ARM = Ad-Hoc|ARM
		Ad-Hoc|iPhone = Ad-Hoc|iPhone
		Ad-Hoc|iPhoneSimulator = Ad-Hoc|iPhoneSimulator
		Ad-Hoc|x64 = Ad-Hoc|x64
		Ad-Hoc|x86 = Ad-Hoc|x86
		AppStore|Any CPU = AppStore|Any CPU
		AppStore|ARM = AppStore|ARM
		AppStore|iPhone = AppStore|iPhone
		AppStore|iPhoneSimulator = AppStore|iPhoneSimulator
		AppStore|x64 = AppStore|x64
		AppStore|x86 = AppStore|x86
		Debug|Any CPU = Debug|Any CPU
		Debug|ARM = Debug|ARM
		Debug|iPhone = Debug|iPhone
		Debug|iPhoneSimulator = Debug|iPhoneSimulator
		Debug|x64 = Debug|x64
		Debug|x86 = Debug|x86
		Release|Any CPU = Release|Any CPU
		Release|ARM = Release|ARM
		Release|iPhone = Release|iPhone
		Release|iPhoneSimulator = Release|iPhoneSimulator
		Release|x64 = Release|x64
		Release|x86 = Release|x86
	EndGlobalSection
	GlobalSection(ProjectConfigurationPlatforms) = postSolution
		{5BA518F4-88C1-4EC7-8676-FF39AC60BF16}.Ad-Hoc|Any CPU.ActiveCfg = Release|Any CPU
		{5BA518F4-88C1-4EC7-8676-FF39AC60BF16}.Ad-Hoc|Any CPU.Build.0 = Release|Any CPU
		{5BA518F4-88C1-4EC7-8676-FF39AC60BF16}.Ad-Hoc|ARM.ActiveCfg = Release|Any CPU
		{5BA518F4-88C1-4EC7-8676-FF39AC60BF16}.Ad-Hoc|ARM.Build.0 = Release|Any CPU
		{5BA518F4-88C1-4EC7-8676-FF39AC60BF16}.Ad-Hoc|iPhone.ActiveCfg = Release|Any CPU
		{5BA518F4-88C1-4EC7-8676-FF39AC60BF16}.Ad-Hoc|iPhone.Build.0 = Release|Any CPU
		{5BA518F4-88C1-4EC7-8676-FF39AC60BF16}.Ad-Hoc|iPhoneSimulator.ActiveCfg = Release|Any CPU
		{5BA518F4-88C1-4EC7-8676-FF39AC60BF16}.Ad-Hoc|iPhoneSimulator.Build.0 = Release|Any CPU
		{5BA518F4-88C1-4EC7-8676-FF39AC60BF16}.Ad-Hoc|x64.ActiveCfg = Release|Any CPU
		{5BA518F4-88C1-4EC7-8676-FF39AC60BF16}.Ad-Hoc|x64.Build.0 = Release|Any CPU
		{5BA518F4-88C1-4EC7-8676-FF39AC60BF16}.Ad-Hoc|x86.ActiveCfg = Release|Any CPU
		{5BA518F4-88C1-4EC7-8676-FF39AC60BF16}.Ad-Hoc|x86.Build.0 = Release|Any CPU
		{5BA518F4-88C1-4EC7-8676-FF39AC60BF16}.AppStore|Any CPU.ActiveCfg = Release|Any CPU
		{5BA518F4-88C1-4EC7-8676-FF39AC60BF16}.AppStore|Any CPU.Build.0 = Release|Any CPU
		{5BA518F4-88C1-4EC7-8676-FF39AC60BF16}.AppStore|ARM.ActiveCfg = Release|Any CPU
		{5BA518F4-88C1-4EC7-8676-FF39AC60BF16}.AppStore|ARM.Build.0 = Release|Any CPU
		{5BA518F4-88C1-4EC7-8676-FF39AC60BF16}.AppStore|iPhone.ActiveCfg = Release|Any CPU
		{5BA518F4-88C1-4EC7-8676-FF39AC60BF16}.AppStore|iPhone.Build.0 = Release|Any CPU
		{5BA518F4-88C1-4EC7-8676-FF39AC60BF16}.AppStore|iPhoneSimulator.ActiveCfg = Release|Any CPU
		{5BA518F4-88C1-4EC7-8676-FF39AC60BF16}.AppStore|iPhoneSimulator.Build.0 = Release|Any CPU
		{5BA518F4-88C1-4EC7-8676-FF39AC60BF16}.AppStore|x64.ActiveCfg = Release|Any CPU
		{5BA518F4-88C1-4EC7-8676-FF39AC60BF16}.AppStore|x64.Build.0 = Release|Any CPU
		{5BA518F4-88C1-4EC7-8676-FF39AC60BF16}.AppStore|x86.ActiveCfg = Release|Any CPU
		{5BA518F4-88C1-4EC7-8676-FF39AC60BF16}.AppStore|x86.Build.0 = Release|Any CPU
		{5BA518F4-88C1-4EC7-8676-FF39AC60BF16}.Debug|Any CPU.ActiveCfg = Debug|Any CPU
		{5BA518F4-88C1-4EC7-8676-FF39AC60BF16}.Debug|Any CPU.Build.0 = Debug|Any CPU
		{5BA518F4-88C1-4EC7-8676-FF39AC60BF16}.Debug|ARM.ActiveCfg = Debug|Any CPU
		{5BA518F4-88C1-4EC7-8676-FF39AC60BF16}.Debug|ARM.Build.0 = Debug|Any CPU
		{5BA518F4-88C1-4EC7-8676-FF39AC60BF16}.Debug|iPhone.ActiveCfg = Debug|Any CPU
		{5BA518F4-88C1-4EC7-8676-FF39AC60BF16}.Debug|iPhone.Build.0 = Debug|Any CPU
		{5BA518F4-88C1-4EC7-8676-FF39AC60BF16}.Debug|iPhoneSimulator.ActiveCfg = Debug|Any CPU
		{5BA518F4-88C1-4EC7-8676-FF39AC60BF16}.Debug|iPhoneSimulator.Build.0 = Debug|Any CPU
		{5BA518F4-88C1-4EC7-8676-FF39AC60BF16}.Debug|x64.ActiveCfg = Debug|Any CPU
		{5BA518F4-88C1-4EC7-8676-FF39AC60BF16}.Debug|x64.Build.0 = Debug|Any CPU
		{5BA518F4-88C1-4EC7-8676-FF39AC60BF16}.Debug|x86.ActiveCfg = Debug|Any CPU
		{5BA518F4-88C1-4EC7-8676-FF39AC60BF16}.Debug|x86.Build.0 = Debug|Any CPU
		{5BA518F4-88C1-4EC7-8676-FF39AC60BF16}.Release|Any CPU.ActiveCfg = Release|Any CPU
		{5BA518F4-88C1-4EC7-8676-FF39AC60BF16}.Release|Any CPU.Build.0 = Release|Any CPU
		{5BA518F4-88C1-4EC7-8676-FF39AC60BF16}.Release|ARM.ActiveCfg = Release|Any CPU
		{5BA518F4-88C1-4EC7-8676-FF39AC60BF16}.Release|ARM.Build.0 = Release|Any CPU
		{5BA518F4-88C1-4EC7-8676-FF39AC60BF16}.Release|iPhone.ActiveCfg = Release|Any CPU
		{5BA518F4-88C1-4EC7-8676-FF39AC60BF16}.Release|iPhone.Build.0 = Release|Any CPU
		{5BA518F4-88C1-4EC7-8676-FF39AC60BF16}.Release|iPhoneSimulator.ActiveCfg = Release|Any CPU
		{5BA518F4-88C1-4EC7-8676-FF39AC60BF16}.Release|iPhoneSimulator.Build.0 = Release|Any CPU
		{5BA518F4-88C1-4EC7-8676-FF39AC60BF16}.Release|x64.ActiveCfg = Release|Any CPU
		{5BA518F4-88C1-4EC7-8676-FF39AC60BF16}.Release|x64.Build.0 = Release|Any CPU
		{5BA518F4-88C1-4EC7-8676-FF39AC60BF16}.Release|x86.ActiveCfg = Release|Any CPU
		{5BA518F4-88C1-4EC7-8676-FF39AC60BF16}.Release|x86.Build.0 = Release|Any CPU
		{5708DE84-A80D-4ADB-959E-C6DF44F1E6C0}.Ad-Hoc|Any CPU.ActiveCfg = Release|Any CPU
		{5708DE84-A80D-4ADB-959E-C6DF44F1E6C0}.Ad-Hoc|Any CPU.Build.0 = Release|Any CPU
		{5708DE84-A80D-4ADB-959E-C6DF44F1E6C0}.Ad-Hoc|ARM.ActiveCfg = Release|Any CPU
		{5708DE84-A80D-4ADB-959E-C6DF44F1E6C0}.Ad-Hoc|ARM.Build.0 = Release|Any CPU
		{5708DE84-A80D-4ADB-959E-C6DF44F1E6C0}.Ad-Hoc|iPhone.ActiveCfg = Release|Any CPU
		{5708DE84-A80D-4ADB-959E-C6DF44F1E6C0}.Ad-Hoc|iPhone.Build.0 = Release|Any CPU
		{5708DE84-A80D-4ADB-959E-C6DF44F1E6C0}.Ad-Hoc|iPhoneSimulator.ActiveCfg = Release|Any CPU
		{5708DE84-A80D-4ADB-959E-C6DF44F1E6C0}.Ad-Hoc|iPhoneSimulator.Build.0 = Release|Any CPU
		{5708DE84-A80D-4ADB-959E-C6DF44F1E6C0}.Ad-Hoc|x64.ActiveCfg = Release|Any CPU
		{5708DE84-A80D-4ADB-959E-C6DF44F1E6C0}.Ad-Hoc|x64.Build.0 = Release|Any CPU
		{5708DE84-A80D-4ADB-959E-C6DF44F1E6C0}.Ad-Hoc|x86.ActiveCfg = Release|Any CPU
		{5708DE84-A80D-4ADB-959E-C6DF44F1E6C0}.Ad-Hoc|x86.Build.0 = Release|Any CPU
		{5708DE84-A80D-4ADB-959E-C6DF44F1E6C0}.AppStore|Any CPU.ActiveCfg = Release|Any CPU
		{5708DE84-A80D-4ADB-959E-C6DF44F1E6C0}.AppStore|Any CPU.Build.0 = Release|Any CPU
		{5708DE84-A80D-4ADB-959E-C6DF44F1E6C0}.AppStore|ARM.ActiveCfg = Release|Any CPU
		{5708DE84-A80D-4ADB-959E-C6DF44F1E6C0}.AppStore|ARM.Build.0 = Release|Any CPU
		{5708DE84-A80D-4ADB-959E-C6DF44F1E6C0}.AppStore|iPhone.ActiveCfg = Release|Any CPU
		{5708DE84-A80D-4ADB-959E-C6DF44F1E6C0}.AppStore|iPhone.Build.0 = Release|Any CPU
		{5708DE84-A80D-4ADB-959E-C6DF44F1E6C0}.AppStore|iPhoneSimulator.ActiveCfg = Release|Any CPU
		{5708DE84-A80D-4ADB-959E-C6DF44F1E6C0}.AppStore|iPhoneSimulator.Build.0 = Release|Any CPU
		{5708DE84-A80D-4ADB-959E-C6DF44F1E6C0}.AppStore|x64.ActiveCfg = Release|Any CPU
		{5708DE84-A80D-4ADB-959E-C6DF44F1E6C0}.AppStore|x64.Build.0 = Release|Any CPU
		{5708DE84-A80D-4ADB-959E-C6DF44F1E6C0}.AppStore|x86.ActiveCfg = Release|Any CPU
		{5708DE84-A80D-4ADB-959E-C6DF44F1E6C0}.AppStore|x86.Build.0 = Release|Any CPU
		{5708DE84-A80D-4ADB-959E-C6DF44F1E6C0}.Debug|Any CPU.ActiveCfg = Debug|Any CPU
		{5708DE84-A80D-4ADB-959E-C6DF44F1E6C0}.Debug|Any CPU.Build.0 = Debug|Any CPU
		{5708DE84-A80D-4ADB-959E-C6DF44F1E6C0}.Debug|ARM.ActiveCfg = Debug|Any CPU
		{5708DE84-A80D-4ADB-959E-C6DF44F1E6C0}.Debug|ARM.Build.0 = Debug|Any CPU
		{5708DE84-A80D-4ADB-959E-C6DF44F1E6C0}.Debug|iPhone.ActiveCfg = Debug|Any CPU
		{5708DE84-A80D-4ADB-959E-C6DF44F1E6C0}.Debug|iPhone.Build.0 = Debug|Any CPU
		{5708DE84-A80D-4ADB-959E-C6DF44F1E6C0}.Debug|iPhoneSimulator.ActiveCfg = Debug|Any CPU
		{5708DE84-A80D-4ADB-959E-C6DF44F1E6C0}.Debug|iPhoneSimulator.Build.0 = Debug|Any CPU
		{5708DE84-A80D-4ADB-959E-C6DF44F1E6C0}.Debug|x64.ActiveCfg = Debug|Any CPU
		{5708DE84-A80D-4ADB-959E-C6DF44F1E6C0}.Debug|x64.Build.0 = Debug|Any CPU
		{5708DE84-A80D-4ADB-959E-C6DF44F1E6C0}.Debug|x86.ActiveCfg = Debug|Any CPU
		{5708DE84-A80D-4ADB-959E-C6DF44F1E6C0}.Debug|x86.Build.0 = Debug|Any CPU
		{5708DE84-A80D-4ADB-959E-C6DF44F1E6C0}.Release|Any CPU.ActiveCfg = Release|Any CPU
		{5708DE84-A80D-4ADB-959E-C6DF44F1E6C0}.Release|Any CPU.Build.0 = Release|Any CPU
		{5708DE84-A80D-4ADB-959E-C6DF44F1E6C0}.Release|ARM.ActiveCfg = Release|Any CPU
		{5708DE84-A80D-4ADB-959E-C6DF44F1E6C0}.Release|ARM.Build.0 = Release|Any CPU
		{5708DE84-A80D-4ADB-959E-C6DF44F1E6C0}.Release|iPhone.ActiveCfg = Release|Any CPU
		{5708DE84-A80D-4ADB-959E-C6DF44F1E6C0}.Release|iPhone.Build.0 = Release|Any CPU
		{5708DE84-A80D-4ADB-959E-C6DF44F1E6C0}.Release|iPhoneSimulator.ActiveCfg = Release|Any CPU
		{5708DE84-A80D-4ADB-959E-C6DF44F1E6C0}.Release|iPhoneSimulator.Build.0 = Release|Any CPU
		{5708DE84-A80D-4ADB-959E-C6DF44F1E6C0}.Release|x64.ActiveCfg = Release|Any CPU
		{5708DE84-A80D-4ADB-959E-C6DF44F1E6C0}.Release|x64.Build.0 = Release|Any CPU
		{5708DE84-A80D-4ADB-959E-C6DF44F1E6C0}.Release|x86.ActiveCfg = Release|Any CPU
		{5708DE84-A80D-4ADB-959E-C6DF44F1E6C0}.Release|x86.Build.0 = Release|Any CPU
		{B573E80A-7E65-4E70-B97F-E9DBCBB5986C}.Ad-Hoc|Any CPU.ActiveCfg = Release|Any CPU
		{B573E80A-7E65-4E70-B97F-E9DBCBB5986C}.Ad-Hoc|Any CPU.Build.0 = Release|Any CPU
		{B573E80A-7E65-4E70-B97F-E9DBCBB5986C}.Ad-Hoc|Any CPU.Deploy.0 = Release|Any CPU
		{B573E80A-7E65-4E70-B97F-E9DBCBB5986C}.Ad-Hoc|ARM.ActiveCfg = Release|Any CPU
		{B573E80A-7E65-4E70-B97F-E9DBCBB5986C}.Ad-Hoc|ARM.Build.0 = Release|Any CPU
		{B573E80A-7E65-4E70-B97F-E9DBCBB5986C}.Ad-Hoc|ARM.Deploy.0 = Release|Any CPU
		{B573E80A-7E65-4E70-B97F-E9DBCBB5986C}.Ad-Hoc|iPhone.ActiveCfg = Release|Any CPU
		{B573E80A-7E65-4E70-B97F-E9DBCBB5986C}.Ad-Hoc|iPhone.Build.0 = Release|Any CPU
		{B573E80A-7E65-4E70-B97F-E9DBCBB5986C}.Ad-Hoc|iPhone.Deploy.0 = Release|Any CPU
		{B573E80A-7E65-4E70-B97F-E9DBCBB5986C}.Ad-Hoc|iPhoneSimulator.ActiveCfg = Release|Any CPU
		{B573E80A-7E65-4E70-B97F-E9DBCBB5986C}.Ad-Hoc|iPhoneSimulator.Build.0 = Release|Any CPU
		{B573E80A-7E65-4E70-B97F-E9DBCBB5986C}.Ad-Hoc|iPhoneSimulator.Deploy.0 = Release|Any CPU
		{B573E80A-7E65-4E70-B97F-E9DBCBB5986C}.Ad-Hoc|x64.ActiveCfg = Release|Any CPU
		{B573E80A-7E65-4E70-B97F-E9DBCBB5986C}.Ad-Hoc|x64.Build.0 = Release|Any CPU
		{B573E80A-7E65-4E70-B97F-E9DBCBB5986C}.Ad-Hoc|x64.Deploy.0 = Release|Any CPU
		{B573E80A-7E65-4E70-B97F-E9DBCBB5986C}.Ad-Hoc|x86.ActiveCfg = Release|Any CPU
		{B573E80A-7E65-4E70-B97F-E9DBCBB5986C}.Ad-Hoc|x86.Build.0 = Release|Any CPU
		{B573E80A-7E65-4E70-B97F-E9DBCBB5986C}.Ad-Hoc|x86.Deploy.0 = Release|Any CPU
		{B573E80A-7E65-4E70-B97F-E9DBCBB5986C}.AppStore|Any CPU.ActiveCfg = Release|Any CPU
		{B573E80A-7E65-4E70-B97F-E9DBCBB5986C}.AppStore|Any CPU.Build.0 = Release|Any CPU
		{B573E80A-7E65-4E70-B97F-E9DBCBB5986C}.AppStore|Any CPU.Deploy.0 = Release|Any CPU
		{B573E80A-7E65-4E70-B97F-E9DBCBB5986C}.AppStore|ARM.ActiveCfg = Release|Any CPU
		{B573E80A-7E65-4E70-B97F-E9DBCBB5986C}.AppStore|ARM.Build.0 = Release|Any CPU
		{B573E80A-7E65-4E70-B97F-E9DBCBB5986C}.AppStore|ARM.Deploy.0 = Release|Any CPU
		{B573E80A-7E65-4E70-B97F-E9DBCBB5986C}.AppStore|iPhone.ActiveCfg = Release|Any CPU
		{B573E80A-7E65-4E70-B97F-E9DBCBB5986C}.AppStore|iPhone.Build.0 = Release|Any CPU
		{B573E80A-7E65-4E70-B97F-E9DBCBB5986C}.AppStore|iPhone.Deploy.0 = Release|Any CPU
		{B573E80A-7E65-4E70-B97F-E9DBCBB5986C}.AppStore|iPhoneSimulator.ActiveCfg = Release|Any CPU
		{B573E80A-7E65-4E70-B97F-E9DBCBB5986C}.AppStore|iPhoneSimulator.Build.0 = Release|Any CPU
		{B573E80A-7E65-4E70-B97F-E9DBCBB5986C}.AppStore|iPhoneSimulator.Deploy.0 = Release|Any CPU
		{B573E80A-7E65-4E70-B97F-E9DBCBB5986C}.AppStore|x64.ActiveCfg = Release|Any CPU
		{B573E80A-7E65-4E70-B97F-E9DBCBB5986C}.AppStore|x64.Build.0 = Release|Any CPU
		{B573E80A-7E65-4E70-B97F-E9DBCBB5986C}.AppStore|x64.Deploy.0 = Release|Any CPU
		{B573E80A-7E65-4E70-B97F-E9DBCBB5986C}.AppStore|x86.ActiveCfg = Release|Any CPU
		{B573E80A-7E65-4E70-B97F-E9DBCBB5986C}.AppStore|x86.Build.0 = Release|Any CPU
		{B573E80A-7E65-4E70-B97F-E9DBCBB5986C}.AppStore|x86.Deploy.0 = Release|Any CPU
		{B573E80A-7E65-4E70-B97F-E9DBCBB5986C}.Debug|Any CPU.ActiveCfg = Debug|Any CPU
		{B573E80A-7E65-4E70-B97F-E9DBCBB5986C}.Debug|Any CPU.Build.0 = Debug|Any CPU
		{B573E80A-7E65-4E70-B97F-E9DBCBB5986C}.Debug|Any CPU.Deploy.0 = Debug|Any CPU
		{B573E80A-7E65-4E70-B97F-E9DBCBB5986C}.Debug|ARM.ActiveCfg = Debug|Any CPU
		{B573E80A-7E65-4E70-B97F-E9DBCBB5986C}.Debug|ARM.Build.0 = Debug|Any CPU
		{B573E80A-7E65-4E70-B97F-E9DBCBB5986C}.Debug|ARM.Deploy.0 = Debug|Any CPU
		{B573E80A-7E65-4E70-B97F-E9DBCBB5986C}.Debug|iPhone.ActiveCfg = Debug|Any CPU
		{B573E80A-7E65-4E70-B97F-E9DBCBB5986C}.Debug|iPhone.Build.0 = Debug|Any CPU
		{B573E80A-7E65-4E70-B97F-E9DBCBB5986C}.Debug|iPhone.Deploy.0 = Debug|Any CPU
		{B573E80A-7E65-4E70-B97F-E9DBCBB5986C}.Debug|iPhoneSimulator.ActiveCfg = Debug|Any CPU
		{B573E80A-7E65-4E70-B97F-E9DBCBB5986C}.Debug|iPhoneSimulator.Build.0 = Debug|Any CPU
		{B573E80A-7E65-4E70-B97F-E9DBCBB5986C}.Debug|iPhoneSimulator.Deploy.0 = Debug|Any CPU
		{B573E80A-7E65-4E70-B97F-E9DBCBB5986C}.Debug|x64.ActiveCfg = Debug|Any CPU
		{B573E80A-7E65-4E70-B97F-E9DBCBB5986C}.Debug|x64.Build.0 = Debug|Any CPU
		{B573E80A-7E65-4E70-B97F-E9DBCBB5986C}.Debug|x64.Deploy.0 = Debug|Any CPU
		{B573E80A-7E65-4E70-B97F-E9DBCBB5986C}.Debug|x86.ActiveCfg = Debug|Any CPU
		{B573E80A-7E65-4E70-B97F-E9DBCBB5986C}.Debug|x86.Build.0 = Debug|Any CPU
		{B573E80A-7E65-4E70-B97F-E9DBCBB5986C}.Debug|x86.Deploy.0 = Debug|Any CPU
		{B573E80A-7E65-4E70-B97F-E9DBCBB5986C}.Release|Any CPU.ActiveCfg = Release|Any CPU
		{B573E80A-7E65-4E70-B97F-E9DBCBB5986C}.Release|Any CPU.Build.0 = Release|Any CPU
		{B573E80A-7E65-4E70-B97F-E9DBCBB5986C}.Release|Any CPU.Deploy.0 = Release|Any CPU
		{B573E80A-7E65-4E70-B97F-E9DBCBB5986C}.Release|ARM.ActiveCfg = Release|Any CPU
		{B573E80A-7E65-4E70-B97F-E9DBCBB5986C}.Release|ARM.Build.0 = Release|Any CPU
		{B573E80A-7E65-4E70-B97F-E9DBCBB5986C}.Release|ARM.Deploy.0 = Release|Any CPU
		{B573E80A-7E65-4E70-B97F-E9DBCBB5986C}.Release|iPhone.ActiveCfg = Release|Any CPU
		{B573E80A-7E65-4E70-B97F-E9DBCBB5986C}.Release|iPhone.Build.0 = Release|Any CPU
		{B573E80A-7E65-4E70-B97F-E9DBCBB5986C}.Release|iPhone.Deploy.0 = Release|Any CPU
		{B573E80A-7E65-4E70-B97F-E9DBCBB5986C}.Release|iPhoneSimulator.ActiveCfg = Release|Any CPU
		{B573E80A-7E65-4E70-B97F-E9DBCBB5986C}.Release|iPhoneSimulator.Build.0 = Release|Any CPU
		{B573E80A-7E65-4E70-B97F-E9DBCBB5986C}.Release|iPhoneSimulator.Deploy.0 = Release|Any CPU
		{B573E80A-7E65-4E70-B97F-E9DBCBB5986C}.Release|x64.ActiveCfg = Release|Any CPU
		{B573E80A-7E65-4E70-B97F-E9DBCBB5986C}.Release|x64.Build.0 = Release|Any CPU
		{B573E80A-7E65-4E70-B97F-E9DBCBB5986C}.Release|x64.Deploy.0 = Release|Any CPU
		{B573E80A-7E65-4E70-B97F-E9DBCBB5986C}.Release|x86.ActiveCfg = Release|Any CPU
		{B573E80A-7E65-4E70-B97F-E9DBCBB5986C}.Release|x86.Build.0 = Release|Any CPU
		{B573E80A-7E65-4E70-B97F-E9DBCBB5986C}.Release|x86.Deploy.0 = Release|Any CPU
		{9C560EFC-E590-4FC6-A545-BD1A6CA3778E}.Ad-Hoc|Any CPU.ActiveCfg = Ad-Hoc|iPhone
		{9C560EFC-E590-4FC6-A545-BD1A6CA3778E}.Ad-Hoc|ARM.ActiveCfg = Ad-Hoc|iPhone
		{9C560EFC-E590-4FC6-A545-BD1A6CA3778E}.Ad-Hoc|iPhone.ActiveCfg = Ad-Hoc|iPhone
		{9C560EFC-E590-4FC6-A545-BD1A6CA3778E}.Ad-Hoc|iPhone.Build.0 = Ad-Hoc|iPhone
		{9C560EFC-E590-4FC6-A545-BD1A6CA3778E}.Ad-Hoc|iPhoneSimulator.ActiveCfg = Ad-Hoc|iPhoneSimulator
		{9C560EFC-E590-4FC6-A545-BD1A6CA3778E}.Ad-Hoc|iPhoneSimulator.Build.0 = Ad-Hoc|iPhoneSimulator
		{9C560EFC-E590-4FC6-A545-BD1A6CA3778E}.Ad-Hoc|x64.ActiveCfg = Ad-Hoc|iPhone
		{9C560EFC-E590-4FC6-A545-BD1A6CA3778E}.Ad-Hoc|x86.ActiveCfg = Ad-Hoc|iPhone
		{9C560EFC-E590-4FC6-A545-BD1A6CA3778E}.AppStore|Any CPU.ActiveCfg = AppStore|iPhone
		{9C560EFC-E590-4FC6-A545-BD1A6CA3778E}.AppStore|ARM.ActiveCfg = AppStore|iPhone
		{9C560EFC-E590-4FC6-A545-BD1A6CA3778E}.AppStore|iPhone.ActiveCfg = AppStore|iPhone
		{9C560EFC-E590-4FC6-A545-BD1A6CA3778E}.AppStore|iPhone.Build.0 = AppStore|iPhone
		{9C560EFC-E590-4FC6-A545-BD1A6CA3778E}.AppStore|iPhoneSimulator.ActiveCfg = AppStore|iPhoneSimulator
		{9C560EFC-E590-4FC6-A545-BD1A6CA3778E}.AppStore|iPhoneSimulator.Build.0 = AppStore|iPhoneSimulator
		{9C560EFC-E590-4FC6-A545-BD1A6CA3778E}.AppStore|x64.ActiveCfg = AppStore|iPhone
		{9C560EFC-E590-4FC6-A545-BD1A6CA3778E}.AppStore|x86.ActiveCfg = AppStore|iPhone
		{9C560EFC-E590-4FC6-A545-BD1A6CA3778E}.Debug|Any CPU.ActiveCfg = Debug|iPhone
		{9C560EFC-E590-4FC6-A545-BD1A6CA3778E}.Debug|ARM.ActiveCfg = Debug|iPhone
		{9C560EFC-E590-4FC6-A545-BD1A6CA3778E}.Debug|iPhone.ActiveCfg = Debug|iPhone
		{9C560EFC-E590-4FC6-A545-BD1A6CA3778E}.Debug|iPhone.Build.0 = Debug|iPhone
		{9C560EFC-E590-4FC6-A545-BD1A6CA3778E}.Debug|iPhoneSimulator.ActiveCfg = Debug|iPhoneSimulator
		{9C560EFC-E590-4FC6-A545-BD1A6CA3778E}.Debug|iPhoneSimulator.Build.0 = Debug|iPhoneSimulator
		{9C560EFC-E590-4FC6-A545-BD1A6CA3778E}.Debug|x64.ActiveCfg = Debug|iPhone
		{9C560EFC-E590-4FC6-A545-BD1A6CA3778E}.Debug|x86.ActiveCfg = Debug|iPhone
		{9C560EFC-E590-4FC6-A545-BD1A6CA3778E}.Release|Any CPU.ActiveCfg = Release|iPhone
		{9C560EFC-E590-4FC6-A545-BD1A6CA3778E}.Release|ARM.ActiveCfg = Release|iPhone
		{9C560EFC-E590-4FC6-A545-BD1A6CA3778E}.Release|iPhone.ActiveCfg = Release|iPhone
		{9C560EFC-E590-4FC6-A545-BD1A6CA3778E}.Release|iPhone.Build.0 = Release|iPhone
		{9C560EFC-E590-4FC6-A545-BD1A6CA3778E}.Release|iPhoneSimulator.ActiveCfg = Release|iPhoneSimulator
		{9C560EFC-E590-4FC6-A545-BD1A6CA3778E}.Release|iPhoneSimulator.Build.0 = Release|iPhoneSimulator
		{9C560EFC-E590-4FC6-A545-BD1A6CA3778E}.Release|x64.ActiveCfg = Release|iPhone
		{9C560EFC-E590-4FC6-A545-BD1A6CA3778E}.Release|x86.ActiveCfg = Release|iPhone
		{82F79B02-D412-4701-95F4-70321597241F}.Ad-Hoc|Any CPU.ActiveCfg = Release|x86
		{82F79B02-D412-4701-95F4-70321597241F}.Ad-Hoc|Any CPU.Build.0 = Release|x86
		{82F79B02-D412-4701-95F4-70321597241F}.Ad-Hoc|Any CPU.Deploy.0 = Release|x86
		{82F79B02-D412-4701-95F4-70321597241F}.Ad-Hoc|ARM.ActiveCfg = Release|ARM
		{82F79B02-D412-4701-95F4-70321597241F}.Ad-Hoc|ARM.Build.0 = Release|ARM
		{82F79B02-D412-4701-95F4-70321597241F}.Ad-Hoc|ARM.Deploy.0 = Release|ARM
		{82F79B02-D412-4701-95F4-70321597241F}.Ad-Hoc|iPhone.ActiveCfg = Release|x86
		{82F79B02-D412-4701-95F4-70321597241F}.Ad-Hoc|iPhone.Build.0 = Release|x86
		{82F79B02-D412-4701-95F4-70321597241F}.Ad-Hoc|iPhone.Deploy.0 = Release|x86
		{82F79B02-D412-4701-95F4-70321597241F}.Ad-Hoc|iPhoneSimulator.ActiveCfg = Release|x86
		{82F79B02-D412-4701-95F4-70321597241F}.Ad-Hoc|iPhoneSimulator.Build.0 = Release|x86
		{82F79B02-D412-4701-95F4-70321597241F}.Ad-Hoc|iPhoneSimulator.Deploy.0 = Release|x86
		{82F79B02-D412-4701-95F4-70321597241F}.Ad-Hoc|x64.ActiveCfg = Release|x64
		{82F79B02-D412-4701-95F4-70321597241F}.Ad-Hoc|x64.Build.0 = Release|x64
		{82F79B02-D412-4701-95F4-70321597241F}.Ad-Hoc|x64.Deploy.0 = Release|x64
		{82F79B02-D412-4701-95F4-70321597241F}.Ad-Hoc|x86.ActiveCfg = Release|x86
		{82F79B02-D412-4701-95F4-70321597241F}.Ad-Hoc|x86.Build.0 = Release|x86
		{82F79B02-D412-4701-95F4-70321597241F}.Ad-Hoc|x86.Deploy.0 = Release|x86
		{82F79B02-D412-4701-95F4-70321597241F}.AppStore|Any CPU.ActiveCfg = Release|x86
		{82F79B02-D412-4701-95F4-70321597241F}.AppStore|Any CPU.Build.0 = Release|x86
		{82F79B02-D412-4701-95F4-70321597241F}.AppStore|Any CPU.Deploy.0 = Release|x86
		{82F79B02-D412-4701-95F4-70321597241F}.AppStore|ARM.ActiveCfg = Release|ARM
		{82F79B02-D412-4701-95F4-70321597241F}.AppStore|ARM.Build.0 = Release|ARM
		{82F79B02-D412-4701-95F4-70321597241F}.AppStore|ARM.Deploy.0 = Release|ARM
		{82F79B02-D412-4701-95F4-70321597241F}.AppStore|iPhone.ActiveCfg = Release|x86
		{82F79B02-D412-4701-95F4-70321597241F}.AppStore|iPhone.Build.0 = Release|x86
		{82F79B02-D412-4701-95F4-70321597241F}.AppStore|iPhone.Deploy.0 = Release|x86
		{82F79B02-D412-4701-95F4-70321597241F}.AppStore|iPhoneSimulator.ActiveCfg = Release|x86
		{82F79B02-D412-4701-95F4-70321597241F}.AppStore|iPhoneSimulator.Build.0 = Release|x86
		{82F79B02-D412-4701-95F4-70321597241F}.AppStore|iPhoneSimulator.Deploy.0 = Release|x86
		{82F79B02-D412-4701-95F4-70321597241F}.AppStore|x64.ActiveCfg = Release|x64
		{82F79B02-D412-4701-95F4-70321597241F}.AppStore|x64.Build.0 = Release|x64
		{82F79B02-D412-4701-95F4-70321597241F}.AppStore|x64.Deploy.0 = Release|x64
		{82F79B02-D412-4701-95F4-70321597241F}.AppStore|x86.ActiveCfg = Release|x86
		{82F79B02-D412-4701-95F4-70321597241F}.AppStore|x86.Build.0 = Release|x86
		{82F79B02-D412-4701-95F4-70321597241F}.AppStore|x86.Deploy.0 = Release|x86
		{82F79B02-D412-4701-95F4-70321597241F}.Debug|Any CPU.ActiveCfg = Debug|x86
		{82F79B02-D412-4701-95F4-70321597241F}.Debug|ARM.ActiveCfg = Debug|ARM
		{82F79B02-D412-4701-95F4-70321597241F}.Debug|ARM.Build.0 = Debug|ARM
		{82F79B02-D412-4701-95F4-70321597241F}.Debug|ARM.Deploy.0 = Debug|ARM
		{82F79B02-D412-4701-95F4-70321597241F}.Debug|iPhone.ActiveCfg = Debug|x86
		{82F79B02-D412-4701-95F4-70321597241F}.Debug|iPhoneSimulator.ActiveCfg = Debug|x86
		{82F79B02-D412-4701-95F4-70321597241F}.Debug|x64.ActiveCfg = Debug|x64
		{82F79B02-D412-4701-95F4-70321597241F}.Debug|x64.Build.0 = Debug|x64
		{82F79B02-D412-4701-95F4-70321597241F}.Debug|x64.Deploy.0 = Debug|x64
		{82F79B02-D412-4701-95F4-70321597241F}.Debug|x86.ActiveCfg = Debug|x86
		{82F79B02-D412-4701-95F4-70321597241F}.Debug|x86.Build.0 = Debug|x86
		{82F79B02-D412-4701-95F4-70321597241F}.Debug|x86.Deploy.0 = Debug|x86
		{82F79B02-D412-4701-95F4-70321597241F}.Release|Any CPU.ActiveCfg = Release|x86
		{82F79B02-D412-4701-95F4-70321597241F}.Release|ARM.ActiveCfg = Release|ARM
		{82F79B02-D412-4701-95F4-70321597241F}.Release|ARM.Build.0 = Release|ARM
		{82F79B02-D412-4701-95F4-70321597241F}.Release|ARM.Deploy.0 = Release|ARM
		{82F79B02-D412-4701-95F4-70321597241F}.Release|iPhone.ActiveCfg = Release|x86
		{82F79B02-D412-4701-95F4-70321597241F}.Release|iPhoneSimulator.ActiveCfg = Release|x86
		{82F79B02-D412-4701-95F4-70321597241F}.Release|x64.ActiveCfg = Release|x64
		{82F79B02-D412-4701-95F4-70321597241F}.Release|x64.Build.0 = Release|x64
		{82F79B02-D412-4701-95F4-70321597241F}.Release|x64.Deploy.0 = Release|x64
		{82F79B02-D412-4701-95F4-70321597241F}.Release|x86.ActiveCfg = Release|x86
		{82F79B02-D412-4701-95F4-70321597241F}.Release|x86.Build.0 = Release|x86
		{82F79B02-D412-4701-95F4-70321597241F}.Release|x86.Deploy.0 = Release|x86
		{5F22BDF1-3A19-421A-B2B3-E70D958DCD1D}.Ad-Hoc|Any CPU.ActiveCfg = Debug|Any CPU
		{5F22BDF1-3A19-421A-B2B3-E70D958DCD1D}.Ad-Hoc|Any CPU.Build.0 = Debug|Any CPU
		{5F22BDF1-3A19-421A-B2B3-E70D958DCD1D}.Ad-Hoc|ARM.ActiveCfg = Debug|Any CPU
		{5F22BDF1-3A19-421A-B2B3-E70D958DCD1D}.Ad-Hoc|ARM.Build.0 = Debug|Any CPU
		{5F22BDF1-3A19-421A-B2B3-E70D958DCD1D}.Ad-Hoc|iPhone.ActiveCfg = Debug|Any CPU
		{5F22BDF1-3A19-421A-B2B3-E70D958DCD1D}.Ad-Hoc|iPhone.Build.0 = Debug|Any CPU
		{5F22BDF1-3A19-421A-B2B3-E70D958DCD1D}.Ad-Hoc|iPhoneSimulator.ActiveCfg = Debug|Any CPU
		{5F22BDF1-3A19-421A-B2B3-E70D958DCD1D}.Ad-Hoc|iPhoneSimulator.Build.0 = Debug|Any CPU
		{5F22BDF1-3A19-421A-B2B3-E70D958DCD1D}.Ad-Hoc|x64.ActiveCfg = Debug|Any CPU
		{5F22BDF1-3A19-421A-B2B3-E70D958DCD1D}.Ad-Hoc|x64.Build.0 = Debug|Any CPU
		{5F22BDF1-3A19-421A-B2B3-E70D958DCD1D}.Ad-Hoc|x86.ActiveCfg = Debug|Any CPU
		{5F22BDF1-3A19-421A-B2B3-E70D958DCD1D}.Ad-Hoc|x86.Build.0 = Debug|Any CPU
		{5F22BDF1-3A19-421A-B2B3-E70D958DCD1D}.AppStore|Any CPU.ActiveCfg = Debug|Any CPU
		{5F22BDF1-3A19-421A-B2B3-E70D958DCD1D}.AppStore|Any CPU.Build.0 = Debug|Any CPU
		{5F22BDF1-3A19-421A-B2B3-E70D958DCD1D}.AppStore|ARM.ActiveCfg = Debug|Any CPU
		{5F22BDF1-3A19-421A-B2B3-E70D958DCD1D}.AppStore|ARM.Build.0 = Debug|Any CPU
		{5F22BDF1-3A19-421A-B2B3-E70D958DCD1D}.AppStore|iPhone.ActiveCfg = Debug|Any CPU
		{5F22BDF1-3A19-421A-B2B3-E70D958DCD1D}.AppStore|iPhone.Build.0 = Debug|Any CPU
		{5F22BDF1-3A19-421A-B2B3-E70D958DCD1D}.AppStore|iPhoneSimulator.ActiveCfg = Debug|Any CPU
		{5F22BDF1-3A19-421A-B2B3-E70D958DCD1D}.AppStore|iPhoneSimulator.Build.0 = Debug|Any CPU
		{5F22BDF1-3A19-421A-B2B3-E70D958DCD1D}.AppStore|x64.ActiveCfg = Debug|Any CPU
		{5F22BDF1-3A19-421A-B2B3-E70D958DCD1D}.AppStore|x64.Build.0 = Debug|Any CPU
		{5F22BDF1-3A19-421A-B2B3-E70D958DCD1D}.AppStore|x86.ActiveCfg = Debug|Any CPU
		{5F22BDF1-3A19-421A-B2B3-E70D958DCD1D}.AppStore|x86.Build.0 = Debug|Any CPU
		{5F22BDF1-3A19-421A-B2B3-E70D958DCD1D}.Debug|Any CPU.ActiveCfg = Debug|Any CPU
		{5F22BDF1-3A19-421A-B2B3-E70D958DCD1D}.Debug|Any CPU.Build.0 = Debug|Any CPU
		{5F22BDF1-3A19-421A-B2B3-E70D958DCD1D}.Debug|ARM.ActiveCfg = Debug|Any CPU
		{5F22BDF1-3A19-421A-B2B3-E70D958DCD1D}.Debug|ARM.Build.0 = Debug|Any CPU
		{5F22BDF1-3A19-421A-B2B3-E70D958DCD1D}.Debug|iPhone.ActiveCfg = Debug|Any CPU
		{5F22BDF1-3A19-421A-B2B3-E70D958DCD1D}.Debug|iPhone.Build.0 = Debug|Any CPU
		{5F22BDF1-3A19-421A-B2B3-E70D958DCD1D}.Debug|iPhoneSimulator.ActiveCfg = Debug|Any CPU
		{5F22BDF1-3A19-421A-B2B3-E70D958DCD1D}.Debug|iPhoneSimulator.Build.0 = Debug|Any CPU
		{5F22BDF1-3A19-421A-B2B3-E70D958DCD1D}.Debug|x64.ActiveCfg = Debug|Any CPU
		{5F22BDF1-3A19-421A-B2B3-E70D958DCD1D}.Debug|x64.Build.0 = Debug|Any CPU
		{5F22BDF1-3A19-421A-B2B3-E70D958DCD1D}.Debug|x86.ActiveCfg = Debug|Any CPU
		{5F22BDF1-3A19-421A-B2B3-E70D958DCD1D}.Debug|x86.Build.0 = Debug|Any CPU
		{5F22BDF1-3A19-421A-B2B3-E70D958DCD1D}.Release|Any CPU.ActiveCfg = Release|Any CPU
		{5F22BDF1-3A19-421A-B2B3-E70D958DCD1D}.Release|Any CPU.Build.0 = Release|Any CPU
		{5F22BDF1-3A19-421A-B2B3-E70D958DCD1D}.Release|ARM.ActiveCfg = Release|Any CPU
		{5F22BDF1-3A19-421A-B2B3-E70D958DCD1D}.Release|ARM.Build.0 = Release|Any CPU
		{5F22BDF1-3A19-421A-B2B3-E70D958DCD1D}.Release|iPhone.ActiveCfg = Release|Any CPU
		{5F22BDF1-3A19-421A-B2B3-E70D958DCD1D}.Release|iPhone.Build.0 = Release|Any CPU
		{5F22BDF1-3A19-421A-B2B3-E70D958DCD1D}.Release|iPhoneSimulator.ActiveCfg = Release|Any CPU
		{5F22BDF1-3A19-421A-B2B3-E70D958DCD1D}.Release|iPhoneSimulator.Build.0 = Release|Any CPU
		{5F22BDF1-3A19-421A-B2B3-E70D958DCD1D}.Release|x64.ActiveCfg = Release|Any CPU
		{5F22BDF1-3A19-421A-B2B3-E70D958DCD1D}.Release|x64.Build.0 = Release|Any CPU
		{5F22BDF1-3A19-421A-B2B3-E70D958DCD1D}.Release|x86.ActiveCfg = Release|Any CPU
		{5F22BDF1-3A19-421A-B2B3-E70D958DCD1D}.Release|x86.Build.0 = Release|Any CPU
		{C768509C-DE73-4260-BC07-070B4021D04A}.Ad-Hoc|Any CPU.ActiveCfg = Release|Any CPU
		{C768509C-DE73-4260-BC07-070B4021D04A}.Ad-Hoc|Any CPU.Build.0 = Release|Any CPU
		{C768509C-DE73-4260-BC07-070B4021D04A}.Ad-Hoc|ARM.ActiveCfg = Release|Any CPU
		{C768509C-DE73-4260-BC07-070B4021D04A}.Ad-Hoc|ARM.Build.0 = Release|Any CPU
		{C768509C-DE73-4260-BC07-070B4021D04A}.Ad-Hoc|iPhone.ActiveCfg = Release|Any CPU
		{C768509C-DE73-4260-BC07-070B4021D04A}.Ad-Hoc|iPhone.Build.0 = Release|Any CPU
		{C768509C-DE73-4260-BC07-070B4021D04A}.Ad-Hoc|iPhoneSimulator.ActiveCfg = Release|Any CPU
		{C768509C-DE73-4260-BC07-070B4021D04A}.Ad-Hoc|iPhoneSimulator.Build.0 = Release|Any CPU
		{C768509C-DE73-4260-BC07-070B4021D04A}.Ad-Hoc|x64.ActiveCfg = Release|Any CPU
		{C768509C-DE73-4260-BC07-070B4021D04A}.Ad-Hoc|x64.Build.0 = Release|Any CPU
		{C768509C-DE73-4260-BC07-070B4021D04A}.Ad-Hoc|x86.ActiveCfg = Release|Any CPU
		{C768509C-DE73-4260-BC07-070B4021D04A}.Ad-Hoc|x86.Build.0 = Release|Any CPU
		{C768509C-DE73-4260-BC07-070B4021D04A}.AppStore|Any CPU.ActiveCfg = Release|Any CPU
		{C768509C-DE73-4260-BC07-070B4021D04A}.AppStore|Any CPU.Build.0 = Release|Any CPU
		{C768509C-DE73-4260-BC07-070B4021D04A}.AppStore|ARM.ActiveCfg = Release|Any CPU
		{C768509C-DE73-4260-BC07-070B4021D04A}.AppStore|ARM.Build.0 = Release|Any CPU
		{C768509C-DE73-4260-BC07-070B4021D04A}.AppStore|iPhone.ActiveCfg = Release|Any CPU
		{C768509C-DE73-4260-BC07-070B4021D04A}.AppStore|iPhone.Build.0 = Release|Any CPU
		{C768509C-DE73-4260-BC07-070B4021D04A}.AppStore|iPhoneSimulator.ActiveCfg = Release|Any CPU
		{C768509C-DE73-4260-BC07-070B4021D04A}.AppStore|iPhoneSimulator.Build.0 = Release|Any CPU
		{C768509C-DE73-4260-BC07-070B4021D04A}.AppStore|x64.ActiveCfg = Release|Any CPU
		{C768509C-DE73-4260-BC07-070B4021D04A}.AppStore|x64.Build.0 = Release|Any CPU
		{C768509C-DE73-4260-BC07-070B4021D04A}.AppStore|x86.ActiveCfg = Release|Any CPU
		{C768509C-DE73-4260-BC07-070B4021D04A}.AppStore|x86.Build.0 = Release|Any CPU
		{C768509C-DE73-4260-BC07-070B4021D04A}.Debug|Any CPU.ActiveCfg = Debug|Any CPU
		{C768509C-DE73-4260-BC07-070B4021D04A}.Debug|Any CPU.Build.0 = Debug|Any CPU
		{C768509C-DE73-4260-BC07-070B4021D04A}.Debug|ARM.ActiveCfg = Debug|Any CPU
		{C768509C-DE73-4260-BC07-070B4021D04A}.Debug|ARM.Build.0 = Debug|Any CPU
		{C768509C-DE73-4260-BC07-070B4021D04A}.Debug|iPhone.ActiveCfg = Debug|Any CPU
		{C768509C-DE73-4260-BC07-070B4021D04A}.Debug|iPhone.Build.0 = Debug|Any CPU
		{C768509C-DE73-4260-BC07-070B4021D04A}.Debug|iPhoneSimulator.ActiveCfg = Debug|Any CPU
		{C768509C-DE73-4260-BC07-070B4021D04A}.Debug|iPhoneSimulator.Build.0 = Debug|Any CPU
		{C768509C-DE73-4260-BC07-070B4021D04A}.Debug|x64.ActiveCfg = Debug|Any CPU
		{C768509C-DE73-4260-BC07-070B4021D04A}.Debug|x64.Build.0 = Debug|Any CPU
		{C768509C-DE73-4260-BC07-070B4021D04A}.Debug|x86.ActiveCfg = Debug|Any CPU
		{C768509C-DE73-4260-BC07-070B4021D04A}.Debug|x86.Build.0 = Debug|Any CPU
		{C768509C-DE73-4260-BC07-070B4021D04A}.Release|Any CPU.ActiveCfg = Release|Any CPU
		{C768509C-DE73-4260-BC07-070B4021D04A}.Release|Any CPU.Build.0 = Release|Any CPU
		{C768509C-DE73-4260-BC07-070B4021D04A}.Release|ARM.ActiveCfg = Release|Any CPU
		{C768509C-DE73-4260-BC07-070B4021D04A}.Release|ARM.Build.0 = Release|Any CPU
		{C768509C-DE73-4260-BC07-070B4021D04A}.Release|iPhone.ActiveCfg = Release|Any CPU
		{C768509C-DE73-4260-BC07-070B4021D04A}.Release|iPhone.Build.0 = Release|Any CPU
		{C768509C-DE73-4260-BC07-070B4021D04A}.Release|iPhoneSimulator.ActiveCfg = Release|Any CPU
		{C768509C-DE73-4260-BC07-070B4021D04A}.Release|iPhoneSimulator.Build.0 = Release|Any CPU
		{C768509C-DE73-4260-BC07-070B4021D04A}.Release|x64.ActiveCfg = Release|Any CPU
		{C768509C-DE73-4260-BC07-070B4021D04A}.Release|x64.Build.0 = Release|Any CPU
		{C768509C-DE73-4260-BC07-070B4021D04A}.Release|x86.ActiveCfg = Release|Any CPU
		{C768509C-DE73-4260-BC07-070B4021D04A}.Release|x86.Build.0 = Release|Any CPU
		{FE0D75D3-CE00-45D6-8738-3D0ADCC1EBCA}.Ad-Hoc|Any CPU.ActiveCfg = Release|Any CPU
		{FE0D75D3-CE00-45D6-8738-3D0ADCC1EBCA}.Ad-Hoc|Any CPU.Build.0 = Release|Any CPU
		{FE0D75D3-CE00-45D6-8738-3D0ADCC1EBCA}.Ad-Hoc|ARM.ActiveCfg = Release|Any CPU
		{FE0D75D3-CE00-45D6-8738-3D0ADCC1EBCA}.Ad-Hoc|ARM.Build.0 = Release|Any CPU
		{FE0D75D3-CE00-45D6-8738-3D0ADCC1EBCA}.Ad-Hoc|iPhone.ActiveCfg = Release|Any CPU
		{FE0D75D3-CE00-45D6-8738-3D0ADCC1EBCA}.Ad-Hoc|iPhone.Build.0 = Release|Any CPU
		{FE0D75D3-CE00-45D6-8738-3D0ADCC1EBCA}.Ad-Hoc|iPhoneSimulator.ActiveCfg = Release|Any CPU
		{FE0D75D3-CE00-45D6-8738-3D0ADCC1EBCA}.Ad-Hoc|iPhoneSimulator.Build.0 = Release|Any CPU
		{FE0D75D3-CE00-45D6-8738-3D0ADCC1EBCA}.Ad-Hoc|x64.ActiveCfg = Release|Any CPU
		{FE0D75D3-CE00-45D6-8738-3D0ADCC1EBCA}.Ad-Hoc|x64.Build.0 = Release|Any CPU
		{FE0D75D3-CE00-45D6-8738-3D0ADCC1EBCA}.Ad-Hoc|x86.ActiveCfg = Release|Any CPU
		{FE0D75D3-CE00-45D6-8738-3D0ADCC1EBCA}.Ad-Hoc|x86.Build.0 = Release|Any CPU
		{FE0D75D3-CE00-45D6-8738-3D0ADCC1EBCA}.AppStore|Any CPU.ActiveCfg = Release|Any CPU
		{FE0D75D3-CE00-45D6-8738-3D0ADCC1EBCA}.AppStore|Any CPU.Build.0 = Release|Any CPU
		{FE0D75D3-CE00-45D6-8738-3D0ADCC1EBCA}.AppStore|ARM.ActiveCfg = Release|Any CPU
		{FE0D75D3-CE00-45D6-8738-3D0ADCC1EBCA}.AppStore|ARM.Build.0 = Release|Any CPU
		{FE0D75D3-CE00-45D6-8738-3D0ADCC1EBCA}.AppStore|iPhone.ActiveCfg = Release|Any CPU
		{FE0D75D3-CE00-45D6-8738-3D0ADCC1EBCA}.AppStore|iPhone.Build.0 = Release|Any CPU
		{FE0D75D3-CE00-45D6-8738-3D0ADCC1EBCA}.AppStore|iPhoneSimulator.ActiveCfg = Release|Any CPU
		{FE0D75D3-CE00-45D6-8738-3D0ADCC1EBCA}.AppStore|iPhoneSimulator.Build.0 = Release|Any CPU
		{FE0D75D3-CE00-45D6-8738-3D0ADCC1EBCA}.AppStore|x64.ActiveCfg = Release|Any CPU
		{FE0D75D3-CE00-45D6-8738-3D0ADCC1EBCA}.AppStore|x64.Build.0 = Release|Any CPU
		{FE0D75D3-CE00-45D6-8738-3D0ADCC1EBCA}.AppStore|x86.ActiveCfg = Release|Any CPU
		{FE0D75D3-CE00-45D6-8738-3D0ADCC1EBCA}.AppStore|x86.Build.0 = Release|Any CPU
		{FE0D75D3-CE00-45D6-8738-3D0ADCC1EBCA}.Debug|Any CPU.ActiveCfg = Debug|Any CPU
		{FE0D75D3-CE00-45D6-8738-3D0ADCC1EBCA}.Debug|Any CPU.Build.0 = Debug|Any CPU
		{FE0D75D3-CE00-45D6-8738-3D0ADCC1EBCA}.Debug|ARM.ActiveCfg = Debug|Any CPU
		{FE0D75D3-CE00-45D6-8738-3D0ADCC1EBCA}.Debug|ARM.Build.0 = Debug|Any CPU
		{FE0D75D3-CE00-45D6-8738-3D0ADCC1EBCA}.Debug|iPhone.ActiveCfg = Debug|Any CPU
		{FE0D75D3-CE00-45D6-8738-3D0ADCC1EBCA}.Debug|iPhone.Build.0 = Debug|Any CPU
		{FE0D75D3-CE00-45D6-8738-3D0ADCC1EBCA}.Debug|iPhoneSimulator.ActiveCfg = Debug|Any CPU
		{FE0D75D3-CE00-45D6-8738-3D0ADCC1EBCA}.Debug|iPhoneSimulator.Build.0 = Debug|Any CPU
		{FE0D75D3-CE00-45D6-8738-3D0ADCC1EBCA}.Debug|x64.ActiveCfg = Debug|Any CPU
		{FE0D75D3-CE00-45D6-8738-3D0ADCC1EBCA}.Debug|x64.Build.0 = Debug|Any CPU
		{FE0D75D3-CE00-45D6-8738-3D0ADCC1EBCA}.Debug|x86.ActiveCfg = Debug|Any CPU
		{FE0D75D3-CE00-45D6-8738-3D0ADCC1EBCA}.Debug|x86.Build.0 = Debug|Any CPU
		{FE0D75D3-CE00-45D6-8738-3D0ADCC1EBCA}.Release|Any CPU.ActiveCfg = Release|Any CPU
		{FE0D75D3-CE00-45D6-8738-3D0ADCC1EBCA}.Release|Any CPU.Build.0 = Release|Any CPU
		{FE0D75D3-CE00-45D6-8738-3D0ADCC1EBCA}.Release|ARM.ActiveCfg = Release|Any CPU
		{FE0D75D3-CE00-45D6-8738-3D0ADCC1EBCA}.Release|ARM.Build.0 = Release|Any CPU
		{FE0D75D3-CE00-45D6-8738-3D0ADCC1EBCA}.Release|iPhone.ActiveCfg = Release|Any CPU
		{FE0D75D3-CE00-45D6-8738-3D0ADCC1EBCA}.Release|iPhone.Build.0 = Release|Any CPU
		{FE0D75D3-CE00-45D6-8738-3D0ADCC1EBCA}.Release|iPhoneSimulator.ActiveCfg = Release|Any CPU
		{FE0D75D3-CE00-45D6-8738-3D0ADCC1EBCA}.Release|iPhoneSimulator.Build.0 = Release|Any CPU
		{FE0D75D3-CE00-45D6-8738-3D0ADCC1EBCA}.Release|x64.ActiveCfg = Release|Any CPU
		{FE0D75D3-CE00-45D6-8738-3D0ADCC1EBCA}.Release|x64.Build.0 = Release|Any CPU
		{FE0D75D3-CE00-45D6-8738-3D0ADCC1EBCA}.Release|x86.ActiveCfg = Release|Any CPU
		{FE0D75D3-CE00-45D6-8738-3D0ADCC1EBCA}.Release|x86.Build.0 = Release|Any CPU
		{BD7060B0-CB59-40E7-8B82-EDCE4FC83F40}.Ad-Hoc|Any CPU.ActiveCfg = Release|Any CPU
		{BD7060B0-CB59-40E7-8B82-EDCE4FC83F40}.Ad-Hoc|Any CPU.Build.0 = Release|Any CPU
		{BD7060B0-CB59-40E7-8B82-EDCE4FC83F40}.Ad-Hoc|ARM.ActiveCfg = Release|Any CPU
		{BD7060B0-CB59-40E7-8B82-EDCE4FC83F40}.Ad-Hoc|ARM.Build.0 = Release|Any CPU
		{BD7060B0-CB59-40E7-8B82-EDCE4FC83F40}.Ad-Hoc|iPhone.ActiveCfg = Release|Any CPU
		{BD7060B0-CB59-40E7-8B82-EDCE4FC83F40}.Ad-Hoc|iPhone.Build.0 = Release|Any CPU
		{BD7060B0-CB59-40E7-8B82-EDCE4FC83F40}.Ad-Hoc|iPhoneSimulator.ActiveCfg = Release|Any CPU
		{BD7060B0-CB59-40E7-8B82-EDCE4FC83F40}.Ad-Hoc|iPhoneSimulator.Build.0 = Release|Any CPU
		{BD7060B0-CB59-40E7-8B82-EDCE4FC83F40}.Ad-Hoc|x64.ActiveCfg = Release|Any CPU
		{BD7060B0-CB59-40E7-8B82-EDCE4FC83F40}.Ad-Hoc|x64.Build.0 = Release|Any CPU
		{BD7060B0-CB59-40E7-8B82-EDCE4FC83F40}.Ad-Hoc|x86.ActiveCfg = Release|Any CPU
		{BD7060B0-CB59-40E7-8B82-EDCE4FC83F40}.Ad-Hoc|x86.Build.0 = Release|Any CPU
		{BD7060B0-CB59-40E7-8B82-EDCE4FC83F40}.AppStore|Any CPU.ActiveCfg = Release|Any CPU
		{BD7060B0-CB59-40E7-8B82-EDCE4FC83F40}.AppStore|Any CPU.Build.0 = Release|Any CPU
		{BD7060B0-CB59-40E7-8B82-EDCE4FC83F40}.AppStore|ARM.ActiveCfg = Release|Any CPU
		{BD7060B0-CB59-40E7-8B82-EDCE4FC83F40}.AppStore|ARM.Build.0 = Release|Any CPU
		{BD7060B0-CB59-40E7-8B82-EDCE4FC83F40}.AppStore|iPhone.ActiveCfg = Release|Any CPU
		{BD7060B0-CB59-40E7-8B82-EDCE4FC83F40}.AppStore|iPhone.Build.0 = Release|Any CPU
		{BD7060B0-CB59-40E7-8B82-EDCE4FC83F40}.AppStore|iPhoneSimulator.ActiveCfg = Release|Any CPU
		{BD7060B0-CB59-40E7-8B82-EDCE4FC83F40}.AppStore|iPhoneSimulator.Build.0 = Release|Any CPU
		{BD7060B0-CB59-40E7-8B82-EDCE4FC83F40}.AppStore|x64.ActiveCfg = Release|Any CPU
		{BD7060B0-CB59-40E7-8B82-EDCE4FC83F40}.AppStore|x64.Build.0 = Release|Any CPU
		{BD7060B0-CB59-40E7-8B82-EDCE4FC83F40}.AppStore|x86.ActiveCfg = Release|Any CPU
		{BD7060B0-CB59-40E7-8B82-EDCE4FC83F40}.AppStore|x86.Build.0 = Release|Any CPU
		{BD7060B0-CB59-40E7-8B82-EDCE4FC83F40}.Debug|Any CPU.ActiveCfg = Debug|Any CPU
		{BD7060B0-CB59-40E7-8B82-EDCE4FC83F40}.Debug|Any CPU.Build.0 = Debug|Any CPU
		{BD7060B0-CB59-40E7-8B82-EDCE4FC83F40}.Debug|ARM.ActiveCfg = Debug|Any CPU
		{BD7060B0-CB59-40E7-8B82-EDCE4FC83F40}.Debug|ARM.Build.0 = Debug|Any CPU
		{BD7060B0-CB59-40E7-8B82-EDCE4FC83F40}.Debug|iPhone.ActiveCfg = Debug|Any CPU
		{BD7060B0-CB59-40E7-8B82-EDCE4FC83F40}.Debug|iPhone.Build.0 = Debug|Any CPU
		{BD7060B0-CB59-40E7-8B82-EDCE4FC83F40}.Debug|iPhoneSimulator.ActiveCfg = Debug|Any CPU
		{BD7060B0-CB59-40E7-8B82-EDCE4FC83F40}.Debug|iPhoneSimulator.Build.0 = Debug|Any CPU
		{BD7060B0-CB59-40E7-8B82-EDCE4FC83F40}.Debug|x64.ActiveCfg = Debug|Any CPU
		{BD7060B0-CB59-40E7-8B82-EDCE4FC83F40}.Debug|x64.Build.0 = Debug|Any CPU
		{BD7060B0-CB59-40E7-8B82-EDCE4FC83F40}.Debug|x86.ActiveCfg = Debug|Any CPU
		{BD7060B0-CB59-40E7-8B82-EDCE4FC83F40}.Debug|x86.Build.0 = Debug|Any CPU
		{BD7060B0-CB59-40E7-8B82-EDCE4FC83F40}.Release|Any CPU.ActiveCfg = Release|Any CPU
		{BD7060B0-CB59-40E7-8B82-EDCE4FC83F40}.Release|Any CPU.Build.0 = Release|Any CPU
		{BD7060B0-CB59-40E7-8B82-EDCE4FC83F40}.Release|ARM.ActiveCfg = Release|Any CPU
		{BD7060B0-CB59-40E7-8B82-EDCE4FC83F40}.Release|ARM.Build.0 = Release|Any CPU
		{BD7060B0-CB59-40E7-8B82-EDCE4FC83F40}.Release|iPhone.ActiveCfg = Release|Any CPU
		{BD7060B0-CB59-40E7-8B82-EDCE4FC83F40}.Release|iPhone.Build.0 = Release|Any CPU
		{BD7060B0-CB59-40E7-8B82-EDCE4FC83F40}.Release|iPhoneSimulator.ActiveCfg = Release|Any CPU
		{BD7060B0-CB59-40E7-8B82-EDCE4FC83F40}.Release|iPhoneSimulator.Build.0 = Release|Any CPU
		{BD7060B0-CB59-40E7-8B82-EDCE4FC83F40}.Release|x64.ActiveCfg = Release|Any CPU
		{BD7060B0-CB59-40E7-8B82-EDCE4FC83F40}.Release|x64.Build.0 = Release|Any CPU
		{BD7060B0-CB59-40E7-8B82-EDCE4FC83F40}.Release|x86.ActiveCfg = Release|Any CPU
		{BD7060B0-CB59-40E7-8B82-EDCE4FC83F40}.Release|x86.Build.0 = Release|Any CPU
		{9ECD053C-A1FA-4293-B298-844753C6E02D}.Ad-Hoc|Any CPU.ActiveCfg = Release|Any CPU
		{9ECD053C-A1FA-4293-B298-844753C6E02D}.Ad-Hoc|Any CPU.Build.0 = Release|Any CPU
		{9ECD053C-A1FA-4293-B298-844753C6E02D}.Ad-Hoc|ARM.ActiveCfg = Release|Any CPU
		{9ECD053C-A1FA-4293-B298-844753C6E02D}.Ad-Hoc|ARM.Build.0 = Release|Any CPU
		{9ECD053C-A1FA-4293-B298-844753C6E02D}.Ad-Hoc|iPhone.ActiveCfg = Release|Any CPU
		{9ECD053C-A1FA-4293-B298-844753C6E02D}.Ad-Hoc|iPhone.Build.0 = Release|Any CPU
		{9ECD053C-A1FA-4293-B298-844753C6E02D}.Ad-Hoc|iPhoneSimulator.ActiveCfg = Release|Any CPU
		{9ECD053C-A1FA-4293-B298-844753C6E02D}.Ad-Hoc|iPhoneSimulator.Build.0 = Release|Any CPU
		{9ECD053C-A1FA-4293-B298-844753C6E02D}.Ad-Hoc|x64.ActiveCfg = Release|Any CPU
		{9ECD053C-A1FA-4293-B298-844753C6E02D}.Ad-Hoc|x64.Build.0 = Release|Any CPU
		{9ECD053C-A1FA-4293-B298-844753C6E02D}.Ad-Hoc|x86.ActiveCfg = Release|Any CPU
		{9ECD053C-A1FA-4293-B298-844753C6E02D}.Ad-Hoc|x86.Build.0 = Release|Any CPU
		{9ECD053C-A1FA-4293-B298-844753C6E02D}.AppStore|Any CPU.ActiveCfg = Release|Any CPU
		{9ECD053C-A1FA-4293-B298-844753C6E02D}.AppStore|Any CPU.Build.0 = Release|Any CPU
		{9ECD053C-A1FA-4293-B298-844753C6E02D}.AppStore|ARM.ActiveCfg = Release|Any CPU
		{9ECD053C-A1FA-4293-B298-844753C6E02D}.AppStore|ARM.Build.0 = Release|Any CPU
		{9ECD053C-A1FA-4293-B298-844753C6E02D}.AppStore|iPhone.ActiveCfg = Release|Any CPU
		{9ECD053C-A1FA-4293-B298-844753C6E02D}.AppStore|iPhone.Build.0 = Release|Any CPU
		{9ECD053C-A1FA-4293-B298-844753C6E02D}.AppStore|iPhoneSimulator.ActiveCfg = Release|Any CPU
		{9ECD053C-A1FA-4293-B298-844753C6E02D}.AppStore|iPhoneSimulator.Build.0 = Release|Any CPU
		{9ECD053C-A1FA-4293-B298-844753C6E02D}.AppStore|x64.ActiveCfg = Release|Any CPU
		{9ECD053C-A1FA-4293-B298-844753C6E02D}.AppStore|x64.Build.0 = Release|Any CPU
		{9ECD053C-A1FA-4293-B298-844753C6E02D}.AppStore|x86.ActiveCfg = Release|Any CPU
		{9ECD053C-A1FA-4293-B298-844753C6E02D}.AppStore|x86.Build.0 = Release|Any CPU
		{9ECD053C-A1FA-4293-B298-844753C6E02D}.Debug|Any CPU.ActiveCfg = Debug|Any CPU
		{9ECD053C-A1FA-4293-B298-844753C6E02D}.Debug|Any CPU.Build.0 = Debug|Any CPU
		{9ECD053C-A1FA-4293-B298-844753C6E02D}.Debug|ARM.ActiveCfg = Debug|Any CPU
		{9ECD053C-A1FA-4293-B298-844753C6E02D}.Debug|ARM.Build.0 = Debug|Any CPU
		{9ECD053C-A1FA-4293-B298-844753C6E02D}.Debug|iPhone.ActiveCfg = Debug|Any CPU
		{9ECD053C-A1FA-4293-B298-844753C6E02D}.Debug|iPhone.Build.0 = Debug|Any CPU
		{9ECD053C-A1FA-4293-B298-844753C6E02D}.Debug|iPhoneSimulator.ActiveCfg = Debug|Any CPU
		{9ECD053C-A1FA-4293-B298-844753C6E02D}.Debug|iPhoneSimulator.Build.0 = Debug|Any CPU
		{9ECD053C-A1FA-4293-B298-844753C6E02D}.Debug|x64.ActiveCfg = Debug|Any CPU
		{9ECD053C-A1FA-4293-B298-844753C6E02D}.Debug|x64.Build.0 = Debug|Any CPU
		{9ECD053C-A1FA-4293-B298-844753C6E02D}.Debug|x86.ActiveCfg = Debug|Any CPU
		{9ECD053C-A1FA-4293-B298-844753C6E02D}.Debug|x86.Build.0 = Debug|Any CPU
		{9ECD053C-A1FA-4293-B298-844753C6E02D}.Release|Any CPU.ActiveCfg = Release|Any CPU
		{9ECD053C-A1FA-4293-B298-844753C6E02D}.Release|Any CPU.Build.0 = Release|Any CPU
		{9ECD053C-A1FA-4293-B298-844753C6E02D}.Release|ARM.ActiveCfg = Release|Any CPU
		{9ECD053C-A1FA-4293-B298-844753C6E02D}.Release|ARM.Build.0 = Release|Any CPU
		{9ECD053C-A1FA-4293-B298-844753C6E02D}.Release|iPhone.ActiveCfg = Release|Any CPU
		{9ECD053C-A1FA-4293-B298-844753C6E02D}.Release|iPhone.Build.0 = Release|Any CPU
		{9ECD053C-A1FA-4293-B298-844753C6E02D}.Release|iPhoneSimulator.ActiveCfg = Release|Any CPU
		{9ECD053C-A1FA-4293-B298-844753C6E02D}.Release|iPhoneSimulator.Build.0 = Release|Any CPU
		{9ECD053C-A1FA-4293-B298-844753C6E02D}.Release|x64.ActiveCfg = Release|Any CPU
		{9ECD053C-A1FA-4293-B298-844753C6E02D}.Release|x64.Build.0 = Release|Any CPU
		{9ECD053C-A1FA-4293-B298-844753C6E02D}.Release|x86.ActiveCfg = Release|Any CPU
		{9ECD053C-A1FA-4293-B298-844753C6E02D}.Release|x86.Build.0 = Release|Any CPU
		{B69B2F0E-4479-416B-971C-2CF44A592BA4}.Ad-Hoc|Any CPU.ActiveCfg = Debug|Any CPU
		{B69B2F0E-4479-416B-971C-2CF44A592BA4}.Ad-Hoc|Any CPU.Build.0 = Debug|Any CPU
		{B69B2F0E-4479-416B-971C-2CF44A592BA4}.Ad-Hoc|ARM.ActiveCfg = Debug|Any CPU
		{B69B2F0E-4479-416B-971C-2CF44A592BA4}.Ad-Hoc|ARM.Build.0 = Debug|Any CPU
		{B69B2F0E-4479-416B-971C-2CF44A592BA4}.Ad-Hoc|iPhone.ActiveCfg = Debug|Any CPU
		{B69B2F0E-4479-416B-971C-2CF44A592BA4}.Ad-Hoc|iPhone.Build.0 = Debug|Any CPU
		{B69B2F0E-4479-416B-971C-2CF44A592BA4}.Ad-Hoc|iPhoneSimulator.ActiveCfg = Debug|Any CPU
		{B69B2F0E-4479-416B-971C-2CF44A592BA4}.Ad-Hoc|iPhoneSimulator.Build.0 = Debug|Any CPU
		{B69B2F0E-4479-416B-971C-2CF44A592BA4}.Ad-Hoc|x64.ActiveCfg = Debug|Any CPU
		{B69B2F0E-4479-416B-971C-2CF44A592BA4}.Ad-Hoc|x64.Build.0 = Debug|Any CPU
		{B69B2F0E-4479-416B-971C-2CF44A592BA4}.Ad-Hoc|x86.ActiveCfg = Debug|Any CPU
		{B69B2F0E-4479-416B-971C-2CF44A592BA4}.Ad-Hoc|x86.Build.0 = Debug|Any CPU
		{B69B2F0E-4479-416B-971C-2CF44A592BA4}.AppStore|Any CPU.ActiveCfg = Debug|Any CPU
		{B69B2F0E-4479-416B-971C-2CF44A592BA4}.AppStore|Any CPU.Build.0 = Debug|Any CPU
		{B69B2F0E-4479-416B-971C-2CF44A592BA4}.AppStore|ARM.ActiveCfg = Debug|Any CPU
		{B69B2F0E-4479-416B-971C-2CF44A592BA4}.AppStore|ARM.Build.0 = Debug|Any CPU
		{B69B2F0E-4479-416B-971C-2CF44A592BA4}.AppStore|iPhone.ActiveCfg = Debug|Any CPU
		{B69B2F0E-4479-416B-971C-2CF44A592BA4}.AppStore|iPhone.Build.0 = Debug|Any CPU
		{B69B2F0E-4479-416B-971C-2CF44A592BA4}.AppStore|iPhoneSimulator.ActiveCfg = Debug|Any CPU
		{B69B2F0E-4479-416B-971C-2CF44A592BA4}.AppStore|iPhoneSimulator.Build.0 = Debug|Any CPU
		{B69B2F0E-4479-416B-971C-2CF44A592BA4}.AppStore|x64.ActiveCfg = Debug|Any CPU
		{B69B2F0E-4479-416B-971C-2CF44A592BA4}.AppStore|x64.Build.0 = Debug|Any CPU
		{B69B2F0E-4479-416B-971C-2CF44A592BA4}.AppStore|x86.ActiveCfg = Debug|Any CPU
		{B69B2F0E-4479-416B-971C-2CF44A592BA4}.AppStore|x86.Build.0 = Debug|Any CPU
		{B69B2F0E-4479-416B-971C-2CF44A592BA4}.Debug|Any CPU.ActiveCfg = Debug|Any CPU
		{B69B2F0E-4479-416B-971C-2CF44A592BA4}.Debug|Any CPU.Build.0 = Debug|Any CPU
		{B69B2F0E-4479-416B-971C-2CF44A592BA4}.Debug|ARM.ActiveCfg = Debug|Any CPU
		{B69B2F0E-4479-416B-971C-2CF44A592BA4}.Debug|ARM.Build.0 = Debug|Any CPU
		{B69B2F0E-4479-416B-971C-2CF44A592BA4}.Debug|iPhone.ActiveCfg = Debug|Any CPU
		{B69B2F0E-4479-416B-971C-2CF44A592BA4}.Debug|iPhone.Build.0 = Debug|Any CPU
		{B69B2F0E-4479-416B-971C-2CF44A592BA4}.Debug|iPhoneSimulator.ActiveCfg = Debug|Any CPU
		{B69B2F0E-4479-416B-971C-2CF44A592BA4}.Debug|iPhoneSimulator.Build.0 = Debug|Any CPU
		{B69B2F0E-4479-416B-971C-2CF44A592BA4}.Debug|x64.ActiveCfg = Debug|Any CPU
		{B69B2F0E-4479-416B-971C-2CF44A592BA4}.Debug|x64.Build.0 = Debug|Any CPU
		{B69B2F0E-4479-416B-971C-2CF44A592BA4}.Debug|x86.ActiveCfg = Debug|Any CPU
		{B69B2F0E-4479-416B-971C-2CF44A592BA4}.Debug|x86.Build.0 = Debug|Any CPU
		{B69B2F0E-4479-416B-971C-2CF44A592BA4}.Release|Any CPU.ActiveCfg = Release|Any CPU
		{B69B2F0E-4479-416B-971C-2CF44A592BA4}.Release|Any CPU.Build.0 = Release|Any CPU
		{B69B2F0E-4479-416B-971C-2CF44A592BA4}.Release|ARM.ActiveCfg = Release|Any CPU
		{B69B2F0E-4479-416B-971C-2CF44A592BA4}.Release|ARM.Build.0 = Release|Any CPU
		{B69B2F0E-4479-416B-971C-2CF44A592BA4}.Release|iPhone.ActiveCfg = Release|Any CPU
		{B69B2F0E-4479-416B-971C-2CF44A592BA4}.Release|iPhone.Build.0 = Release|Any CPU
		{B69B2F0E-4479-416B-971C-2CF44A592BA4}.Release|iPhoneSimulator.ActiveCfg = Release|Any CPU
		{B69B2F0E-4479-416B-971C-2CF44A592BA4}.Release|iPhoneSimulator.Build.0 = Release|Any CPU
		{B69B2F0E-4479-416B-971C-2CF44A592BA4}.Release|x64.ActiveCfg = Release|Any CPU
		{B69B2F0E-4479-416B-971C-2CF44A592BA4}.Release|x64.Build.0 = Release|Any CPU
		{B69B2F0E-4479-416B-971C-2CF44A592BA4}.Release|x86.ActiveCfg = Release|Any CPU
		{B69B2F0E-4479-416B-971C-2CF44A592BA4}.Release|x86.Build.0 = Release|Any CPU
	EndGlobalSection
	GlobalSection(SolutionProperties) = preSolution
		HideSolutionNode = FALSE
	EndGlobalSection
	GlobalSection(ExtensibilityGlobals) = postSolution
		SolutionGuid = {37F3E2B4-7B67-4AD8-A438-48918E385C71}
	EndGlobalSection
EndGlobal
