
Microsoft Visual Studio Solution File, Format Version 12.00
# Visual Studio 15
Project("{FAE04EC0-301F-11D3-BF4B-00C04F79EFBC}") = "GTXAM.macOS", "GTXAM.macOS\GTXAM.macOS.csproj", "{39127971-0A34-46D5-9070-03F47EBCAF6D}"
EndProject
Project("{FAE04EC0-301F-11D3-BF4B-00C04F79EFBC}") = "GTXAM.GTK", "GTXAM.GTK\GTXAM.GTK.csproj", "{94025AEB-72C4-4136-9C48-63C438C862E7}"
EndProject
Global
	GlobalSection(SolutionConfigurationPlatforms) = preSolution
		Debug|Any CPU = Debug|Any CPU
		Release|Any CPU = Release|Any CPU
		Debug|iPhoneSimulator = Debug|iPhoneSimulator
		Release|iPhoneSimulator = Release|iPhoneSimulator
		Debug|iPhone = Debug|iPhone
		Release|iPhone = Release|iPhone
	EndGlobalSection
	GlobalSection(ProjectConfigurationPlatforms) = postSolution
		{39127971-0A34-46D5-9070-03F47EBCAF6D}.Debug|Any CPU.ActiveCfg = Debug|Any CPU
		{39127971-0A34-46D5-9070-03F47EBCAF6D}.Debug|Any CPU.Build.0 = Debug|Any CPU
		{39127971-0A34-46D5-9070-03F47EBCAF6D}.Release|Any CPU.ActiveCfg = Release|Any CPU
		{39127971-0A34-46D5-9070-03F47EBCAF6D}.Release|Any CPU.Build.0 = Release|Any CPU
		{39127971-0A34-46D5-9070-03F47EBCAF6D}.Debug|iPhoneSimulator.ActiveCfg = Debug|Any CPU
		{39127971-0A34-46D5-9070-03F47EBCAF6D}.Debug|iPhoneSimulator.Build.0 = Debug|Any CPU
		{39127971-0A34-46D5-9070-03F47EBCAF6D}.Release|iPhoneSimulator.ActiveCfg = Release|Any CPU
		{39127971-0A34-46D5-9070-03F47EBCAF6D}.Release|iPhoneSimulator.Build.0 = Release|Any CPU
		{39127971-0A34-46D5-9070-03F47EBCAF6D}.Debug|iPhone.ActiveCfg = Debug|Any CPU
		{39127971-0A34-46D5-9070-03F47EBCAF6D}.Debug|iPhone.Build.0 = Debug|Any CPU
		{39127971-0A34-46D5-9070-03F47EBCAF6D}.Release|iPhone.ActiveCfg = Release|Any CPU
		{39127971-0A34-46D5-9070-03F47EBCAF6D}.Release|iPhone.Build.0 = Release|Any CPU
		{94025AEB-72C4-4136-9C48-63C438C862E7}.Debug|Any CPU.ActiveCfg = Debug|Any CPU
		{94025AEB-72C4-4136-9C48-63C438C862E7}.Debug|Any CPU.Build.0 = Debug|Any CPU
		{94025AEB-72C4-4136-9C48-63C438C862E7}.Release|Any CPU.ActiveCfg = Release|Any CPU
		{94025AEB-72C4-4136-9C48-63C438C862E7}.Release|Any CPU.Build.0 = Release|Any CPU
		{94025AEB-72C4-4136-9C48-63C438C862E7}.Debug|iPhoneSimulator.ActiveCfg = Debug|Any CPU
		{94025AEB-72C4-4136-9C48-63C438C862E7}.Debug|iPhoneSimulator.Build.0 = Debug|Any CPU
		{94025AEB-72C4-4136-9C48-63C438C862E7}.Release|iPhoneSimulator.ActiveCfg = Release|Any CPU
		{94025AEB-72C4-4136-9C48-63C438C862E7}.Release|iPhoneSimulator.Build.0 = Release|Any CPU
		{94025AEB-72C4-4136-9C48-63C438C862E7}.Debug|iPhone.ActiveCfg = Debug|Any CPU
		{94025AEB-72C4-4136-9C48-63C438C862E7}.Debug|iPhone.Build.0 = Debug|Any CPU
		{94025AEB-72C4-4136-9C48-63C438C862E7}.Release|iPhone.ActiveCfg = Release|Any CPU
		{94025AEB-72C4-4136-9C48-63C438C862E7}.Release|iPhone.Build.0 = Release|Any CPU
	EndGlobalSection
EndGlobal
